
Microsoft Visual Studio Solution File, Format Version 12.00
# Visual Studio 15
VisualStudioVersion = 15.0.28307.1062
MinimumVisualStudioVersion = 10.0.40219.1
Project("{FAE04EC0-301F-11D3-BF4B-00C04F79EFBC}") = "ADO.NET.Lesson5_DisconnectedMode", "ADO.NET.Lesson5_DisconnectedMode\ADO.NET.Lesson5_DisconnectedMode.csproj", "{4CBAA0F6-D533-42A7-B1EE-FA03FEF78380}"
EndProject
Global
	GlobalSection(SolutionConfigurationPlatforms) = preSolution
		Debug|Any CPU = Debug|Any CPU
		Release|Any CPU = Release|Any CPU
	EndGlobalSection
	GlobalSection(ProjectConfigurationPlatforms) = postSolution
		{4CBAA0F6-D533-42A7-B1EE-FA03FEF78380}.Debug|Any CPU.ActiveCfg = Debug|Any CPU
		{4CBAA0F6-D533-42A7-B1EE-FA03FEF78380}.Debug|Any CPU.Build.0 = Debug|Any CPU
		{4CBAA0F6-D533-42A7-B1EE-FA03FEF78380}.Release|Any CPU.ActiveCfg = Release|Any CPU
		{4CBAA0F6-D533-42A7-B1EE-FA03FEF78380}.Release|Any CPU.Build.0 = Release|Any CPU
	EndGlobalSection
	GlobalSection(SolutionProperties) = preSolution
		HideSolutionNode = FALSE
	EndGlobalSection
	GlobalSection(ExtensibilityGlobals) = postSolution
		SolutionGuid = {DE21D287-0BD6-4931-A7BC-51C7CAC0D8F9}
	EndGlobalSection
EndGlobal
